PODS:
  - _NIODataStructures (2.40.0)
  - CGRPCZlib (1.8.0)
  - CNIOAtomics (2.40.0)
  - CNIOBoringSSL (2.19.0)
  - CNIOBoringSSLShims (2.19.0):
    - CNIOBoringSSL (= 2.19.0)
  - CNIODarwin (2.40.0)
  - CNIOHTTPParser (2.40.0)
  - CNIOLinux (2.40.0)
  - CNIOWindows (2.40.0)
  - Differentiator (5.0.0)
  - gRPC-Swift (1.8.0):
    - CGRPCZlib (= 1.8.0)
    - Logging (< 2.0.0, >= 1.4.0)
    - SwiftNIO (< 3.0.0, >= 2.32.0)
    - SwiftNIOExtras (< 2.0.0, >= 1.4.0)
    - SwiftNIOHTTP2 (< 2.0.0, >= 1.22.0)
    - SwiftNIOSSL (< 3.0.0, >= 2.14.0)
    - SwiftNIOTransportServices (< 2.0.0, >= 1.11.1)
    - SwiftProtobuf (< 2.0.0, >= 1.19.0)
  - Logging (1.4.0)
  - PodAsset (1.3.0)
  - Protobuf (3.22.3)
  - Realm (10.38.0):
    - Realm/Headers (= 10.38.0)
  - Realm/Headers (10.38.0)
  - RealmSwift (10.38.0):
    - Realm (= 10.38.0)
  - RxCocoa (6.5.0):
    - RxRelay (= 6.5.0)
    - RxSwift (= 6.5.0)
  - RxDataSources (5.0.0):
    - Differentiator (~> 5.0)
    - RxCocoa (~> 6.0)
    - RxSwift (~> 6.0)
  - RxRelay (6.5.0):
    - RxSwift (= 6.5.0)
  - RxSwift (6.5.0)
  - SDWebImage (5.15.5):
    - SDWebImage/Core (= 5.15.5)
  - SDWebImage/Core (5.15.5)
  - SnapKit (5.6.0)
  - SwiftNIO (2.40.0):
    - _NIODataStructures (= 2.40.0)
    - CNIOAtomics (= 2.40.0)
    - CNIODarwin (= 2.40.0)
    - CNIOLinux (= 2.40.0)
    - CNIOWindows (= 2.40.0)
    - SwiftNIOConcurrencyHelpers (= 2.40.0)
    - SwiftNIOCore (= 2.40.0)
    - SwiftNIOEmbedded (= 2.40.0)
    - SwiftNIOPosix (= 2.40.0)
  - SwiftNIOConcurrencyHelpers (2.40.0):
    - CNIOAtomics (= 2.40.0)
  - SwiftNIOCore (2.40.0):
    - CNIOAtomics (= 2.40.0)
    - CNIOLinux (= 2.40.0)
    - SwiftNIOConcurrencyHelpers (= 2.40.0)
  - SwiftNIOEmbedded (2.40.0):
    - _NIODataStructures (= 2.40.0)
    - CNIOAtomics (= 2.40.0)
    - CNIOLinux (= 2.40.0)
    - SwiftNIOConcurrencyHelpers (= 2.40.0)
    - SwiftNIOCore (= 2.40.0)
  - SwiftNIOExtras (1.11.0):
    - _NIODataStructures (< 3, >= 2.32.0)
    - CNIOAtomics (< 3, >= 2.32.0)
    - CNIODarwin (< 3, >= 2.32.0)
    - CNIOLinux (< 3, >= 2.32.0)
    - CNIOWindows (< 3, >= 2.32.0)
    - SwiftNIO (< 3, >= 2.32.0)
    - SwiftNIOConcurrencyHelpers (< 3, >= 2.32.0)
    - SwiftNIOCore (< 3, >= 2.32.0)
    - SwiftNIOEmbedded (< 3, >= 2.32.0)
    - SwiftNIOPosix (< 3, >= 2.32.0)
  - SwiftNIOFoundationCompat (2.40.0):
    - _NIODataStructures (= 2.40.0)
    - CNIOAtomics (= 2.40.0)
    - CNIODarwin (= 2.40.0)
    - CNIOLinux (= 2.40.0)
    - CNIOWindows (= 2.40.0)
    - SwiftNIO (= 2.40.0)
    - SwiftNIOConcurrencyHelpers (= 2.40.0)
    - SwiftNIOCore (= 2.40.0)
    - SwiftNIOEmbedded (= 2.40.0)
    - SwiftNIOPosix (= 2.40.0)
  - SwiftNIOHPACK (1.22.0):
    - _NIODataStructures (< 3, >= 2.35.0)
    - CNIOAtomics (< 3, >= 2.35.0)
    - CNIODarwin (< 3, >= 2.35.0)
    - CNIOHTTPParser (< 3, >= 2.35.0)
    - CNIOLinux (< 3, >= 2.35.0)
    - CNIOWindows (< 3, >= 2.35.0)
    - SwiftNIO (< 3, >= 2.35.0)
    - SwiftNIOConcurrencyHelpers (< 3, >= 2.35.0)
    - SwiftNIOCore (< 3, >= 2.35.0)
    - SwiftNIOEmbedded (< 3, >= 2.35.0)
    - SwiftNIOHTTP1 (< 3, >= 2.35.0)
    - SwiftNIOPosix (< 3, >= 2.35.0)
  - SwiftNIOHTTP1 (2.40.0):
    - _NIODataStructures (= 2.40.0)
    - CNIOAtomics (= 2.40.0)
    - CNIODarwin (= 2.40.0)
    - CNIOHTTPParser (= 2.40.0)
    - CNIOLinux (= 2.40.0)
    - CNIOWindows (= 2.40.0)
    - SwiftNIO (= 2.40.0)
    - SwiftNIOConcurrencyHelpers (= 2.40.0)
    - SwiftNIOCore (= 2.40.0)
    - SwiftNIOEmbedded (= 2.40.0)
    - SwiftNIOPosix (= 2.40.0)
  - SwiftNIOHTTP2 (1.22.0):
    - _NIODataStructures (< 3, >= 2.35.0)
    - CNIOAtomics (< 3, >= 2.35.0)
    - CNIODarwin (< 3, >= 2.35.0)
    - CNIOHTTPParser (< 3, >= 2.35.0)
    - CNIOLinux (< 3, >= 2.35.0)
    - CNIOWindows (< 3, >= 2.35.0)
    - SwiftNIO (< 3, >= 2.35.0)
    - SwiftNIOConcurrencyHelpers (< 3, >= 2.35.0)
    - SwiftNIOCore (< 3, >= 2.35.0)
    - SwiftNIOEmbedded (< 3, >= 2.35.0)
    - SwiftNIOHPACK (= 1.22.0)
    - SwiftNIOHTTP1 (< 3, >= 2.35.0)
    - SwiftNIOPosix (< 3, >= 2.35.0)
    - SwiftNIOTLS (< 3, >= 2.35.0)
  - SwiftNIOPosix (2.40.0):
    - _NIODataStructures (= 2.40.0)
    - CNIOAtomics (= 2.40.0)
    - CNIODarwin (= 2.40.0)
    - CNIOLinux (= 2.40.0)
    - CNIOWindows (= 2.40.0)
    - SwiftNIOConcurrencyHelpers (= 2.40.0)
    - SwiftNIOCore (= 2.40.0)
  - SwiftNIOSSL (2.19.0):
    - _NIODataStructures (< 3, >= 2.32.0)
    - CNIOAtomics (< 3, >= 2.32.0)
    - CNIOBoringSSL (= 2.19.0)
    - CNIOBoringSSLShims (= 2.19.0)
    - CNIODarwin (< 3, >= 2.32.0)
    - CNIOLinux (< 3, >= 2.32.0)
    - CNIOWindows (< 3, >= 2.32.0)
    - SwiftNIO (< 3, >= 2.32.0)
    - SwiftNIOConcurrencyHelpers (< 3, >= 2.32.0)
    - SwiftNIOCore (< 3, >= 2.32.0)
    - SwiftNIOEmbedded (< 3, >= 2.32.0)
    - SwiftNIOPosix (< 3, >= 2.32.0)
    - SwiftNIOTLS (< 3, >= 2.32.0)
  - SwiftNIOTLS (2.40.0):
    - _NIODataStructures (= 2.40.0)
    - CNIOAtomics (= 2.40.0)
    - CNIODarwin (= 2.40.0)
    - CNIOLinux (= 2.40.0)
    - CNIOWindows (= 2.40.0)
    - SwiftNIO (= 2.40.0)
    - SwiftNIOConcurrencyHelpers (= 2.40.0)
    - SwiftNIOCore (= 2.40.0)
    - SwiftNIOEmbedded (= 2.40.0)
    - SwiftNIOPosix (= 2.40.0)
  - SwiftNIOTransportServices (1.12.0):
    - _NIODataStructures (< 3, >= 2.32.0)
    - CNIOAtomics (< 3, >= 2.32.0)
    - CNIODarwin (< 3, >= 2.32.0)
    - CNIOLinux (< 3, >= 2.32.0)
    - CNIOWindows (< 3, >= 2.32.0)
    - SwiftNIO (< 3, >= 2.32.0)
    - SwiftNIOConcurrencyHelpers (< 3, >= 2.32.0)
    - SwiftNIOCore (< 3, >= 2.32.0)
    - SwiftNIOEmbedded (< 3, >= 2.32.0)
    - SwiftNIOFoundationCompat (< 3, >= 2.32.0)
    - SwiftNIOPosix (< 3, >= 2.32.0)
    - SwiftNIOTLS (< 3, >= 2.32.0)
  - SwiftProtobuf (1.21.0)
  - UltraCore (0.1.2):
    - gRPC-Swift
    - PodAsset
    - Protobuf
    - RealmSwift
    - RxDataSources
    - RxSwift
    - SDWebImage
    - SnapKit

DEPENDENCIES:
  - UltraCore (from `../`)

SPEC REPOS:
  trunk:
    - _NIODataStructures
    - CGRPCZlib
    - CNIOAtomics
    - CNIOBoringSSL
    - CNIOBoringSSLShims
    - CNIODarwin
    - CNIOHTTPParser
    - CNIOLinux
    - CNIOWindows
    - Differentiator
    - gRPC-Swift
    - Logging
    - PodAsset
    - Protobuf
    - Realm
    - RealmSwift
    - RxCocoa
    - RxDataSources
    - RxRelay
    - RxSwift
    - SDWebImage
    - SnapKit
    - SwiftNIO
    - SwiftNIOConcurrencyHelpers
    - SwiftNIOCore
    - SwiftNIOEmbedded
    - SwiftNIOExtras
    - SwiftNIOFoundationCompat
    - SwiftNIOHPACK
    - SwiftNIOHTTP1
    - SwiftNIOHTTP2
    - SwiftNIOPosix
    - SwiftNIOSSL
    - SwiftNIOTLS
    - SwiftNIOTransportServices
    - SwiftProtobuf

EXTERNAL SOURCES:
  UltraCore:
    :path: "../"

SPEC CHECKSUMS:
  _NIODataStructures: 3d45d8e70a1d17a15b1dc59d102c63dbc0525ffd
  CGRPCZlib: 298dd3237ba4bd7b3eed109e7080ff3324b7d9c9
  CNIOAtomics: 8edf08644e5e6fa0f021c239be9e8beb1cd9ef18
  CNIOBoringSSL: 2c9c96c2e95f15e83fb8d26b9738d939cc39ae33
  CNIOBoringSSLShims: c5c9346e7bbd1040f4f8793a35441dda7487539a
  CNIODarwin: 93850990d29f2626b05306c6c9309f9be0d74c2f
  CNIOHTTPParser: 8ce395236fa1d09ac3b4f4bcfba79b849b2ac684
  CNIOLinux: 62e3505f50de558c393dc2f273dde71dcce518da
  CNIOWindows: 3047f2d8165848a3936a0a755fee27c6b5ee479b
  Differentiator: e8497ceab83c1b10ca233716d547b9af21b9344d
  gRPC-Swift: 74adcaaa62ac5e0a018938840328cb1fdfb09e7b
  Logging: beeb016c9c80cf77042d62e83495816847ef108b
  PodAsset: 161b57cdf4d7307b0fb652cccab32fa8d5dc580b
  Protobuf: d03938d5f7e974a97964fb0567771e36fbe9ecce
  Realm: 5902885dd1d5e71b0b020830caab937ecdf5bf07
  RealmSwift: 0fc037d6c32c7c4fc9362892380f380114ecdcf0
  RxCocoa: 94f817b71c07517321eb4f9ad299112ca8af743b
  RxDataSources: aa47cc1ed6c500fa0dfecac5c979b723542d79cf
  RxRelay: 1de1523e604c72b6c68feadedd1af3b1b4d0ecbd
  RxSwift: 5710a9e6b17f3c3d6e40d6e559b9fa1e813b2ef8
  SDWebImage: fd7e1a22f00303e058058278639bf6196ee431fe
  SnapKit: e01d52ebb8ddbc333eefe2132acf85c8227d9c25
  SwiftNIO: 829958aab300642625091f82fc2f49cb7cf4ef24
  SwiftNIOConcurrencyHelpers: 697370136789b1074e4535eaae75cbd7f900370e
  SwiftNIOCore: 473fdfe746534d7aa25766916459eeaf6f92ef49
  SwiftNIOEmbedded: ffcb5147db67d9686c8366b7f8427b36132f2c8a
  SwiftNIOExtras: 481f74d6bf0b0ef699905ed66439cb019c4975c9
  SwiftNIOFoundationCompat: b9cdbea4806e4a12e9f66d9696fa3b98c4c3232b
  SwiftNIOHPACK: e7d3ff5bd671528adfb11cd4e0c84ddfdc3c4453
  SwiftNIOHTTP1: ef56706550a1dc135ea69d65215b9941e643c23b
  SwiftNIOHTTP2: cc81d7a6ba70d2ddc5376f471904b27ef5d2b7b8
  SwiftNIOPosix: b49af4bdbecaadfadd5c93dfe28594d6722b75e4
  SwiftNIOSSL: d153c5a6fc5b2301b0519b4c4d037a9414212da6
  SwiftNIOTLS: 598af547490133e9aac52aed0c23c4a90c31dcfc
  SwiftNIOTransportServices: 0b2b407819d82eb63af558c5396e33c945759503
  SwiftProtobuf: afced68785854575756db965e9da52bbf3dc45e7
  UltraCore: e84482600d8904035f03de31fd5918a68f3cd508

PODFILE CHECKSUM: 808348d2d43a3b90a65904b11dcab531486f52d5

COCOAPODS: 1.12.0
